{
  "name": "javascript",
  "version": "1.0.0",
  "lockfileVersion": 3,
  "requires": true,
  "packages": {
    "": {
      "name": "javascript",
      "version": "1.0.0",
      "license": "ISC",
      "dependencies": {
        "@agent-infra/sandbox": "^1.0.17"
      }
    },
    "node_modules/@agent-infra/sandbox": {
      "version": "1.0.17",
      "resolved": "https://bnpm.byted.org/@agent-infra/sandbox/-/sandbox-1.0.17.tgz",
      "integrity": "sha512-QFluIcyink6Bsi3SNk8HsCE6WowMB5YMv39ivxug/wZvtokUj6WOf9kkYhdkapYLLpf5RB9218YCdQe3/+PfFw==",
      "license": "ISC",
      "engines": {
        "node": ">=18.0.0"
      }
    }
  }
}
